
Microsoft Visual Studio Solution File, Format Version 12.00
# Visual Studio 15
VisualStudioVersion = 15.0.27703.2026
MinimumVisualStudioVersion = 10.0.40219.1
Project("{8BC9CEB8-8B4A-11D0-8D11-00A0C91BC942}") = "server", "server.vcxproj", "{17301006-76D9-4293-A070-65D81F185200}"
EndProject
Project("{8BC9CEB8-8B4A-11D0-8D11-00A0C91BC942}") = "Client", "Client.vcxproj", "{B49B1F79-7772-4DED-98FD-ADDA6400016B}"
EndProject
Global
	GlobalSection(SolutionConfigurationPlatforms) = preSolution
		Debug|ARM = Debug|ARM
		Debug|x64 = Debug|x64
		Debug|x86 = Debug|x86
		Release|ARM = Release|ARM
		Release|x64 = Release|x64
		Release|x86 = Release|x86
	EndGlobalSection
	GlobalSection(ProjectConfigurationPlatforms) = postSolution
		{17301006-76D9-4293-A070-65D81F185200}.Debug|ARM.ActiveCfg = Debug|ARM
		{17301006-76D9-4293-A070-65D81F185200}.Debug|ARM.Build.0 = Debug|ARM
		{17301006-76D9-4293-A070-65D81F185200}.Debug|x64.ActiveCfg = Debug|x64
		{17301006-76D9-4293-A070-65D81F185200}.Debug|x64.Build.0 = Debug|x64
		{17301006-76D9-4293-A070-65D81F185200}.Debug|x86.ActiveCfg = Debug|x86
		{17301006-76D9-4293-A070-65D81F185200}.Debug|x86.Build.0 = Debug|x86
		{17301006-76D9-4293-A070-65D81F185200}.Release|ARM.ActiveCfg = Release|ARM
		{17301006-76D9-4293-A070-65D81F185200}.Release|ARM.Build.0 = Release|ARM
		{17301006-76D9-4293-A070-65D81F185200}.Release|x64.ActiveCfg = Release|x64
		{17301006-76D9-4293-A070-65D81F185200}.Release|x64.Build.0 = Release|x64
		{17301006-76D9-4293-A070-65D81F185200}.Release|x86.ActiveCfg = Release|x86
		{17301006-76D9-4293-A070-65D81F185200}.Release|x86.Build.0 = Release|x86
		{B49B1F79-7772-4DED-98FD-ADDA6400016B}.Debug|ARM.ActiveCfg = Debug|ARM
		{B49B1F79-7772-4DED-98FD-ADDA6400016B}.Debug|ARM.Build.0 = Debug|ARM
		{B49B1F79-7772-4DED-98FD-ADDA6400016B}.Debug|x64.ActiveCfg = Debug|x64
		{B49B1F79-7772-4DED-98FD-ADDA6400016B}.Debug|x64.Build.0 = Debug|x64
		{B49B1F79-7772-4DED-98FD-ADDA6400016B}.Debug|x86.ActiveCfg = Debug|x86
		{B49B1F79-7772-4DED-98FD-ADDA6400016B}.Debug|x86.Build.0 = Debug|x86
		{B49B1F79-7772-4DED-98FD-ADDA6400016B}.Release|ARM.ActiveCfg = Release|ARM
		{B49B1F79-7772-4DED-98FD-ADDA6400016B}.Release|ARM.Build.0 = Release|ARM
		{B49B1F79-7772-4DED-98FD-ADDA6400016B}.Release|x64.ActiveCfg = Release|x64
		{B49B1F79-7772-4DED-98FD-ADDA6400016B}.Release|x64.Build.0 = Release|x64
		{B49B1F79-7772-4DED-98FD-ADDA6400016B}.Release|x86.ActiveCfg = Release|x86
		{B49B1F79-7772-4DED-98FD-ADDA6400016B}.Release|x86.Build.0 = Release|x86
	EndGlobalSection
	GlobalSection(SolutionProperties) = preSolution
		HideSolutionNode = FALSE
	EndGlobalSection
	GlobalSection(ExtensibilityGlobals) = postSolution
		SolutionGuid = {66C7BB1E-512D-4450-9BD6-545138FEEE2D}
	EndGlobalSection
EndGlobal
